
Microsoft Visual Studio Solution File, Format Version 12.00
# Visual Studio Version 17
VisualStudioVersion = 17.9.34723.18
MinimumVisualStudioVersion = 10.0.40219.1
Project("{FAE04EC0-301F-11D3-BF4B-00C04F79EFBC}") = "Station403", "Station403\Station403.csproj", "{839DBB81-7822-40F5-A181-D10C907C6532}"
EndProject
Global
	GlobalSection(SolutionConfigurationPlatforms) = preSolution
		Debug|Any CPU = Debug|Any CPU
		Release|Any CPU = Release|Any CPU
	EndGlobalSection
	GlobalSection(ProjectConfigurationPlatforms) = postSolution
		{839DBB81-7822-40F5-A181-D10C907C6532}.Debug|Any CPU.ActiveCfg = Debug|Any CPU
		{839DBB81-7822-40F5-A181-D10C907C6532}.Debug|Any CPU.Build.0 = Debug|Any CPU
		{839DBB81-7822-40F5-A181-D10C907C6532}.Release|Any CPU.ActiveCfg = Release|Any CPU
		{839DBB81-7822-40F5-A181-D10C907C6532}.Release|Any CPU.Build.0 = Release|Any CPU
	EndGlobalSection
	GlobalSection(SolutionProperties) = preSolution
		HideSolutionNode = FALSE
	EndGlobalSection
	GlobalSection(ExtensibilityGlobals) = postSolution
		SolutionGuid = {3823B53C-F1EE-4BD6-80C6-5D4153E8B7E0}
	EndGlobalSection
EndGlobal
